// !$*UTF8*$!
{
	archiveVersion = 1;
	classes = {
	};
	objectVersion = 56;
	objects = {

/* Begin PBXBuildFile section */
		BDE4D5F52C42F0E400FDE519 /* AppDelegate.swift in Sources */ = {isa = PBXBuildFile; fileRef = BDE4D5F42C42F0E400FDE519 /* AppDelegate.swift */; };
		BDE4D5F72C42F0E400FDE519 /* SceneDelegate.swift in Sources */ = {isa = PBXBuildFile; fileRef = BDE4D5F62C42F0E400FDE519 /* SceneDelegate.swift */; };
		BDE4D5F92C42F0E400FDE519 /* ViewController.swift in Sources */ = {isa = PBXBuildFile; fileRef = BDE4D5F82C42F0E400FDE519 /* ViewController.swift */; };
		BDE4D5FC2C42F0E400FDE519 /* Base in Resources */ = {isa = PBXBuildFile; fileRef = BDE4D5FB2C42F0E400FDE519 /* Base */; };
		BDE4D5FE2C42F0E600FDE519 /* Assets.xcassets in Resources */ = {isa = PBXBuildFile; fileRef = BDE4D5FD2C42F0E600FDE519 /* Assets.xcassets */; };
		BDE4D6012C42F0E600FDE519 /* Base in Resources */ = {isa = PBXBuildFile; fileRef = BDE4D6002C42F0E600FDE519 /* Base */; };
		BDE4D60C2C42F0E600FDE519 /* CustomTabbarControllerTests.swift in Sources */ = {isa = PBXBuildFile; fileRef = BDE4D60B2C42F0E600FDE519 /* CustomTabbarControllerTests.swift */; };
		BDE4D6162C42F0E600FDE519 /* CustomTabbarControllerUITests.swift in Sources */ = {isa = PBXBuildFile; fileRef = BDE4D6152C42F0E600FDE519 /* CustomTabbarControllerUITests.swift */; };
		BDE4D6182C42F0E600FDE519 /* CustomTabbarControllerUITestsLaunchTests.swift in Sources */ = {isa = PBXBuildFile; fileRef = BDE4D6172C42F0E600FDE519 /* CustomTabbarControllerUITestsLaunchTests.swift */; };
/* End PBXBuildFile section */

/* Begin PBXContainerItemProxy section */
		BDE4D6082C42F0E600FDE519 /* PBXContainerItemProxy */ = {
			isa = PBXContainerItemProxy;
			containerPortal = BDE4D5E92C42F0E400FDE519 /* Project object */;
			proxyType = 1;
			remoteGlobalIDString = BDE4D5F02C42F0E400FDE519;
			remoteInfo = CustomTabbarController;
		};
		BDE4D6122C42F0E600FDE519 /* PBXContainerItemProxy */ = {
			isa = PBXContainerItemProxy;
			containerPortal = BDE4D5E92C42F0E400FDE519 /* Project object */;
			proxyType = 1;
			remoteGlobalIDString = BDE4D5F02C42F0E400FDE519;
			remoteInfo = CustomTabbarController;
		};
/* End PBXContainerItemProxy section */

/* Begin PBXFileReference section */
		BDE4D5F12C42F0E400FDE519 /* CustomTabbarController.app */ = {isa = PBXFileReference; explicitFileType = wrapper.application; includeInIndex = 0; path = CustomTabbarController.app; sourceTree = BUILT_PRODUCTS_DIR; };
		BDE4D5F42C42F0E400FDE519 /* AppDelegate.swift */ = {isa = PBXFileReference; lastKnownFileType = sourcecode.swift; path = AppDelegate.swift; sourceTree = "<group>"; };
		BDE4D5F62C42F0E400FDE519 /* SceneDelegate.swift */ = {isa = PBXFileReference; lastKnownFileType = sourcecode.swift; path = SceneDelegate.swift; sourceTree = "<group>"; };
		BDE4D5F82C42F0E400FDE519 /* ViewController.swift */ = {isa = PBXFileReference; lastKnownFileType = sourcecode.swift; path = ViewController.swift; sourceTree = "<group>"; };
		BDE4D5FB2C42F0E400FDE519 /* Base */ = {isa = PBXFileReference; lastKnownFileType = file.storyboard; name = Base; path = Base.lproj/Main.storyboard; sourceTree = "<group>"; };
		BDE4D5FD2C42F0E600FDE519 /* Assets.xcassets */ = {isa = PBXFileReference; lastKnownFileType = folder.assetcatalog; path = Assets.xcassets; sourceTree = "<group>"; };
		BDE4D6002C42F0E600FDE519 /* Base */ = {isa = PBXFileReference; lastKnownFileType = file.storyboard; name = Base; path = Base.lproj/LaunchScreen.storyboard; sourceTree = "<group>"; };
		BDE4D6022C42F0E600FDE519 /* Info.plist */ = {isa = PBXFileReference; lastKnownFileType = text.plist.xml; path = Info.plist; sourceTree = "<group>"; };
		BDE4D6072C42F0E600FDE519 /* CustomTabbarControllerTests.xctest */ = {isa = PBXFileReference; explicitFileType = wrapper.cfbundle; includeInIndex = 0; path = CustomTabbarControllerTests.xctest; sourceTree = BUILT_PRODUCTS_DIR; };
		BDE4D60B2C42F0E600FDE519 /* CustomTabbarControllerTests.swift */ = {isa = PBXFileReference; lastKnownFileType = sourcecode.swift; path = CustomTabbarControllerTests.swift; sourceTree = "<group>"; };
		BDE4D6112C42F0E600FDE519 /* CustomTabbarControllerUITests.xctest */ = {isa = PBXFileReference; explicitFileType = wrapper.cfbundle; includeInIndex = 0; path = CustomTabbarControllerUITests.xctest; sourceTree = BUILT_PRODUCTS_DIR; };
		BDE4D6152C42F0E600FDE519 /* CustomTabbarControllerUITests.swift */ = {isa = PBXFileReference; lastKnownFileType = sourcecode.swift; path = CustomTabbarControllerUITests.swift; sourceTree = "<group>"; };
		BDE4D6172C42F0E600FDE519 /* CustomTabbarControllerUITestsLaunchTests.swift */ = {isa = PBXFileReference; lastKnownFileType = sourcecode.swift; path = CustomTabbarControllerUITestsLaunchTests.swift; sourceTree = "<group>"; };
/* End PBXFileReference section */

/* Begin PBXFrameworksBuildPhase section */
		BDE4D5EE2C42F0E400FDE519 /* Frameworks */ = {
			isa = PBXFrameworksBuildPhase;
			buildActionMask = 2147483647;
			files = (
			);
			runOnlyForDeploymentPostprocessing = 0;
		};
		BDE4D6042C42F0E600FDE519 /* Frameworks */ = {
			isa = PBXFrameworksBuildPhase;
			buildActionMask = 2147483647;
			files = (
			);
			runOnlyForDeploymentPostprocessing = 0;
		};
		BDE4D60E2C42F0E600FDE519 /* Frameworks */ = {
			isa = PBXFrameworksBuildPhase;
			buildActionMask = 2147483647;
			files = (
			);
			runOnlyForDeploymentPostprocessing = 0;
		};
/* End PBXFrameworksBuildPhase section */

/* Begin PBXGroup section */
		BDE4D5E82C42F0E400FDE519 = {
			isa = PBXGroup;
			children = (
				BDE4D5F32C42F0E400FDE519 /* CustomTabbarController */,
				BDE4D60A2C42F0E600FDE519 /* CustomTabbarControllerTests */,
				BDE4D6142C42F0E600FDE519 /* CustomTabbarControllerUITests */,
				BDE4D5F22C42F0E400FDE519 /* Products */,
			);
			sourceTree = "<group>";
		};
		BDE4D5F22C42F0E400FDE519 /* Products */ = {
			isa = PBXGroup;
			children = (
				BDE4D5F12C42F0E400FDE519 /* CustomTabbarController.app */,
				BDE4D6072C42F0E600FDE519 /* CustomTabbarControllerTests.xctest */,
				BDE4D6112C42F0E600FDE519 /* CustomTabbarControllerUITests.xctest */,
			);
			name = Products;
			sourceTree = "<group>";
		};
		BDE4D5F32C42F0E400FDE519 /* CustomTabbarController */ = {
			isa = PBXGroup;
			children = (
				BDE4D5F42C42F0E400FDE519 /* AppDelegate.swift */,
				BDE4D5F62C42F0E400FDE519 /* SceneDelegate.swift */,
				BDE4D5F82C42F0E400FDE519 /* ViewController.swift */,
				BDE4D5FA2C42F0E400FDE519 /* Main.storyboard */,
				BDE4D5FD2C42F0E600FDE519 /* Assets.xcassets */,
				BDE4D5FF2C42F0E600FDE519 /* LaunchScreen.storyboard */,
				BDE4D6022C42F0E600FDE519 /* Info.plist */,
			);
			path = CustomTabbarController;
			sourceTree = "<group>";
		};
		BDE4D60A2C42F0E600FDE519 /* CustomTabbarControllerTests */ = {
			isa = PBXGroup;
			children = (
				BDE4D60B2C42F0E600FDE519 /* CustomTabbarControllerTests.swift */,
			);
			path = CustomTabbarControllerTests;
			sourceTree = "<group>";
		};
		BDE4D6142C42F0E600FDE519 /* CustomTabbarControllerUITests */ = {
			isa = PBXGroup;
			children = (
				BDE4D6152C42F0E600FDE519 /* CustomTabbarControllerUITests.swift */,
				BDE4D6172C42F0E600FDE519 /* CustomTabbarControllerUITestsLaunchTests.swift */,
			);
			path = CustomTabbarControllerUITests;
			sourceTree = "<group>";
		};
/* End PBXGroup section */

/* Begin PBXNativeTarget section */
		BDE4D5F02C42F0E400FDE519 /* CustomTabbarController */ = {
			isa = PBXNativeTarget;
			buildConfigurationList = BDE4D61B2C42F0E600FDE519 /* Build configuration list for PBXNativeTarget "CustomTabbarController" */;
			buildPhases = (
				BDE4D5ED2C42F0E400FDE519 /* Sources */,
				BDE4D5EE2C42F0E400FDE519 /* Frameworks */,
				BDE4D5EF2C42F0E400FDE519 /* Resources */,
			);
			buildRules = (
			);
			dependencies = (
			);
			name = CustomTabbarController;
			productName = CustomTabbarController;
			productReference = BDE4D5F12C42F0E400FDE519 /* CustomTabbarController.app */;
			productType = "com.apple.product-type.application";
		};
		BDE4D6062C42F0E600FDE519 /* CustomTabbarControllerTests */ = {
			isa = PBXNativeTarget;
			buildConfigurationList = BDE4D61E2C42F0E600FDE519 /* Build configuration list for PBXNativeTarget "CustomTabbarControllerTests" */;
			buildPhases = (
				BDE4D6032C42F0E600FDE519 /* Sources */,
				BDE4D6042C42F0E600FDE519 /* Frameworks */,
				BDE4D6052C42F0E600FDE519 /* Resources */,
			);
			buildRules = (
			);
			dependencies = (
				BDE4D6092C42F0E600FDE519 /* PBXTargetDependency */,
			);
			name = CustomTabbarControllerTests;
			productName = CustomTabbarControllerTests;
			productReference = BDE4D6072C42F0E600FDE519 /* CustomTabbarControllerTests.xctest */;
			productType = "com.apple.product-type.bundle.unit-test";
		};
		BDE4D6102C42F0E600FDE519 /* CustomTabbarControllerUITests */ = {
			isa = PBXNativeTarget;
			buildConfigurationList = BDE4D6212C42F0E600FDE519 /* Build configuration list for PBXNativeTarget "CustomTabbarControllerUITests" */;
			buildPhases = (
				BDE4D60D2C42F0E600FDE519 /* Sources */,
				BDE4D60E2C42F0E600FDE519 /* Frameworks */,
				BDE4D60F2C42F0E600FDE519 /* Resources */,
			);
			buildRules = (
			);
			dependencies = (
				BDE4D6132C42F0E600FDE519 /* PBXTargetDependency */,
			);
			name = CustomTabbarControllerUITests;
			productName = CustomTabbarControllerUITests;
			productReference = BDE4D6112C42F0E600FDE519 /* CustomTabbarControllerUITests.xctest */;
			productType = "com.apple.product-type.bundle.ui-testing";
		};
/* End PBXNativeTarget section */

/* Begin PBXProject section */
		BDE4D5E92C42F0E400FDE519 /* Project object */ = {
			isa = PBXProject;
			attributes = {
				BuildIndependentTargetsInParallel = 1;
				LastSwiftUpdateCheck = 1530;
				LastUpgradeCheck = 1530;
				TargetAttributes = {
					BDE4D5F02C42F0E400FDE519 = {
						CreatedOnToolsVersion = 15.3;
					};
					BDE4D6062C42F0E600FDE519 = {
						CreatedOnToolsVersion = 15.3;
						TestTargetID = BDE4D5F02C42F0E400FDE519;
					};
					BDE4D6102C42F0E600FDE519 = {
						CreatedOnToolsVersion = 15.3;
						TestTargetID = BDE4D5F02C42F0E400FDE519;
					};
				};
			};
			buildConfigurationList = BDE4D5EC2C42F0E400FDE519 /* Build configuration list for PBXProject "CustomTabbarController" */;
			compatibilityVersion = "Xcode 14.0";
			developmentRegion = en;
			hasScannedForEncodings = 0;
			knownRegions = (
				en,
				Base,
			);
			mainGroup = BDE4D5E82C42F0E400FDE519;
			productRefGroup = BDE4D5F22C42F0E400FDE519 /* Products */;
			projectDirPath = "";
			projectRoot = "";
			targets = (
				BDE4D5F02C42F0E400FDE519 /* CustomTabbarController */,
				BDE4D6062C42F0E600FDE519 /* CustomTabbarControllerTests */,
				BDE4D6102C42F0E600FDE519 /* CustomTabbarControllerUITests */,
			);
		};
/* End PBXProject section */

/* Begin PBXResourcesBuildPhase section */
		BDE4D5EF2C42F0E400FDE519 /* Resources */ = {
			isa = PBXResourcesBuildPhase;
			buildActionMask = 2147483647;
			files = (
				BDE4D5FE2C42F0E600FDE519 /* Assets.xcassets in Resources */,
				BDE4D6012C42F0E600FDE519 /* Base in Resources */,
				BDE4D5FC2C42F0E400FDE519 /* Base in Resources */,
			);
			runOnlyForDeploymentPostprocessing = 0;
		};
		BDE4D6052C42F0E600FDE519 /* Resources */ = {
			isa = PBXResourcesBuildPhase;
			buildActionMask = 2147483647;
			files = (
			);
			runOnlyForDeploymentPostprocessing = 0;
		};
		BDE4D60F2C42F0E600FDE519 /* Resources */ = {
			isa = PBXResourcesBuildPhase;
			buildActionMask = 2147483647;
			files = (
			);
			runOnlyForDeploymentPostprocessing = 0;
		};
/* End PBXResourcesBuildPhase section */

/* Begin PBXSourcesBuildPhase section */
		BDE4D5ED2C42F0E400FDE519 /* Sources */ = {
			isa = PBXSourcesBuildPhase;
			buildActionMask = 2147483647;
			files = (
				BDE4D5F92C42F0E400FDE519 /* ViewController.swift in Sources */,
				BDE4D5F52C42F0E400FDE519 /* AppDelegate.swift in Sources */,
				BDE4D5F72C42F0E400FDE519 /* SceneDelegate.swift in Sources */,
			);
			runOnlyForDeploymentPostprocessing = 0;
		};
		BDE4D6032C42F0E600FDE519 /* Sources */ = {
			isa = PBXSourcesBuildPhase;
			buildActionMask = 2147483647;
			files = (
				BDE4D60C2C42F0E600FDE519 /* CustomTabbarControllerTests.swift in Sources */,
			);
			runOnlyForDeploymentPostprocessing = 0;
		};
		BDE4D60D2C42F0E600FDE519 /* Sources */ = {
			isa = PBXSourcesBuildPhase;
			buildActionMask = 2147483647;
			files = (
				BDE4D6162C42F0E600FDE519 /* CustomTabbarControllerUITests.swift in Sources */,
				BDE4D6182C42F0E600FDE519 /* CustomTabbarControllerUITestsLaunchTests.swift in Sources */,
			);
			runOnlyForDeploymentPostprocessing = 0;
		};
/* End PBXSourcesBuildPhase section */

/* Begin PBXTargetDependency section */
		BDE4D6092C42F0E600FDE519 /* PBXTargetDependency */ = {
			isa = PBXTargetDependency;
			target = BDE4D5F02C42F0E400FDE519 /* CustomTabbarController */;
			targetProxy = BDE4D6082C42F0E600FDE519 /* PBXContainerItemProxy */;
		};
		BDE4D6132C42F0E600FDE519 /* PBXTargetDependency */ = {
			isa = PBXTargetDependency;
			target = BDE4D5F02C42F0E400FDE519 /* CustomTabbarController */;
			targetProxy = BDE4D6122C42F0E600FDE519 /* PBXContainerItemProxy */;
		};
/* End PBXTargetDependency section */

/* Begin PBXVariantGroup section */
		BDE4D5FA2C42F0E400FDE519 /* Main.storyboard */ = {
			isa = PBXVariantGroup;
			children = (
				BDE4D5FB2C42F0E400FDE519 /* Base */,
			);
			name = Main.storyboard;
			sourceTree = "<group>";
		};
		BDE4D5FF2C42F0E600FDE519 /* LaunchScreen.storyboard */ = {
			isa = PBXVariantGroup;
			children = (
				BDE4D6002C42F0E600FDE519 /* Base */,
			);
			name = LaunchScreen.storyboard;
			sourceTree = "<group>";
		};
/* End PBXVariantGroup section */

/* Begin XCBuildConfiguration section */
		BDE4D6192C42F0E600FDE519 /* Debug */ = {
			isa = XCBuildConfiguration;
			buildSettings = {
				ALWAYS_SEARCH_USER_PATHS = NO;
				ASSETCATALOG_COMPILER_GENERATE_SWIFT_ASSET_SYMBOL_EXTENSIONS = YES;
				CLANG_ANALYZER_NONNULL = YES;
				CLANG_ANALYZER_NUMBER_OBJECT_CONVERSION = YES_AGGRESSIVE;
				CLANG_CXX_LANGUAGE_STANDARD = "gnu++20";
				CLANG_ENABLE_MODULES = YES;
				CLANG_ENABLE_OBJC_ARC = YES;
				CLANG_ENABLE_OBJC_WEAK = YES;
				CLANG_WARN_BLOCK_CAPTURE_AUTORELEASING = YES;
				CLANG_WARN_BOOL_CONVERSION = YES;
				CLANG_WARN_COMMA = YES;
				CLANG_WARN_CONSTANT_CONVERSION = YES;
				CLANG_WARN_DEPRECATED_OBJC_IMPLEMENTATIONS = YES;
				CLANG_WARN_DIRECT_OBJC_ISA_USAGE = YES_ERROR;
				CLANG_WARN_DOCUMENTATION_COMMENTS = YES;
				CLANG_WARN_EMPTY_BODY = YES;
				CLANG_WARN_ENUM_CONVERSION = YES;
				CLANG_WARN_INFINITE_RECURSION = YES;
				CLANG_WARN_INT_CONVERSION = YES;
				CLANG_WARN_NON_LITERAL_NULL_CONVERSION = YES;
				CLANG_WARN_OBJC_IMPLICIT_RETAIN_SELF = YES;
				CLANG_WARN_OBJC_LITERAL_CONVERSION = YES;
				CLANG_WARN_OBJC_ROOT_CLASS = YES_ERROR;
				CLANG_WARN_QUOTED_INCLUDE_IN_FRAMEWORK_HEADER = YES;
				CLANG_WARN_RANGE_LOOP_ANALYSIS = YES;
				CLANG_WARN_STRICT_PROTOTYPES = YES;
				CLANG_WARN_SUSPICIOUS_MOVE = YES;
				CLANG_WARN_UNGUARDED_AVAILABILITY = YES_AGGRESSIVE;
				CLANG_WARN_UNREACHABLE_CODE = YES;
				CLANG_WARN__DUPLICATE_METHOD_MATCH = YES;
				COPY_PHASE_STRIP = NO;
				DEBUG_INFORMATION_FORMAT = dwarf;
				ENABLE_STRICT_OBJC_MSGSEND = YES;
				ENABLE_TESTABILITY = YES;
				ENABLE_USER_SCRIPT_SANDBOXING = YES;
				GCC_C_LANGUAGE_STANDARD = gnu17;
				GCC_DYNAMIC_NO_PIC = NO;
				GCC_NO_COMMON_BLOCKS = YES;
				GCC_OPTIMIZATION_LEVEL = 0;
				GCC_PREPROCESSOR_DEFINITIONS = (
					"DEBUG=1",
					"$(inherited)",
				);
				GCC_WARN_64_TO_32_BIT_CONVERSION = YES;
				GCC_WARN_ABOUT_RETURN_TYPE = YES_ERROR;
				GCC_WARN_UNDECLARED_SELECTOR = YES;
				GCC_WARN_UNINITIALIZED_AUTOS = YES_AGGRESSIVE;
				GCC_WARN_UNUSED_FUNCTION = YES;
				GCC_WARN_UNUSED_VARIABLE = YES;
				IPHONEOS_DEPLOYMENT_TARGET = 17.4;
				LOCALIZATION_PREFERS_STRING_CATALOGS = YES;
				MTL_ENABLE_DEBUG_INFO = INCLUDE_SOURCE;
				MTL_FAST_MATH = YES;
				ONLY_ACTIVE_ARCH = YES;
				SDKROOT = iphoneos;
				SWIFT_ACTIVE_COMPILATION_CONDITIONS = "DEBUG $(inherited)";
				SWIFT_OPTIMIZATION_LEVEL = "-Onone";
			};
			name = Debug;
		};
		BDE4D61A2C42F0E600FDE519 /* Release */ = {
			isa = XCBuildConfiguration;
			buildSettings = {
				ALWAYS_SEARCH_USER_PATHS = NO;
				ASSETCATALOG_COMPILER_GENERATE_SWIFT_ASSET_SYMBOL_EXTENSIONS = YES;
				CLANG_ANALYZER_NONNULL = YES;
				CLANG_ANALYZER_NUMBER_OBJECT_CONVERSION = YES_AGGRESSIVE;
				CLANG_CXX_LANGUAGE_STANDARD = "gnu++20";
				CLANG_ENABLE_MODULES = YES;
				CLANG_ENABLE_OBJC_ARC = YES;
				CLANG_ENABLE_OBJC_WEAK = YES;
				CLANG_WARN_BLOCK_CAPTURE_AUTORELEASING = YES;
				CLANG_WARN_BOOL_CONVERSION = YES;
				CLANG_WARN_COMMA = YES;
				CLANG_WARN_CONSTANT_CONVERSION = YES;
				CLANG_WARN_DEPRECATED_OBJC_IMPLEMENTATIONS = YES;
				CLANG_WARN_DIRECT_OBJC_ISA_USAGE = YES_ERROR;
				CLANG_WARN_DOCUMENTATION_COMMENTS = YES;
				CLANG_WARN_EMPTY_BODY = YES;
				CLANG_WARN_ENUM_CONVERSION = YES;
				CLANG_WARN_INFINITE_RECURSION = YES;
				CLANG_WARN_INT_CONVERSION = YES;
				CLANG_WARN_NON_LITERAL_NULL_CONVERSION = YES;
				CLANG_WARN_OBJC_IMPLICIT_RETAIN_SELF = YES;
				CLANG_WARN_OBJC_LITERAL_CONVERSION = YES;
				CLANG_WARN_OBJC_ROOT_CLASS = YES_ERROR;
				CLANG_WARN_QUOTED_INCLUDE_IN_FRAMEWORK_HEADER = YES;
				CLANG_WARN_RANGE_LOOP_ANALYSIS = YES;
				CLANG_WARN_STRICT_PROTOTYPES = YES;
				CLANG_WARN_SUSPICIOUS_MOVE = YES;
				CLANG_WARN_UNGUARDED_AVAILABILITY = YES_AGGRESSIVE;
				CLANG_WARN_UNREACHABLE_CODE = YES;
				CLANG_WARN__DUPLICATE_METHOD_MATCH = YES;
				COPY_PHASE_STRIP = NO;
				DEBUG_INFORMATION_FORMAT = "dwarf-with-dsym";
				ENABLE_NS_ASSERTIONS = NO;
				ENABLE_STRICT_OBJC_MSGSEND = YES;
				ENABLE_USER_SCRIPT_SANDBOXING = YES;
				GCC_C_LANGUAGE_STANDARD = gnu17;
				GCC_NO_COMMON_BLOCKS = YES;
				GCC_WARN_64_TO_32_BIT_CONVERSION = YES;
				GCC_WARN_ABOUT_RETURN_TYPE = YES_ERROR;
				GCC_WARN_UNDECLARED_SELECTOR = YES;
				GCC_WARN_UNINITIALIZED_AUTOS = YES_AGGRESSIVE;
				GCC_WARN_UNUSED_FUNCTION = YES;
				GCC_WARN_UNUSED_VARIABLE = YES;
				IPHONEOS_DEPLOYMENT_TARGET = 17.4;
				LOCALIZATION_PREFERS_STRING_CATALOGS = YES;
				MTL_ENABLE_DEBUG_INFO = NO;
				MTL_FAST_MATH = YES;
				SDKROOT = iphoneos;
				SWIFT_COMPILATION_MODE = wholemodule;
				VALIDATE_PRODUCT = YES;
			};
			name = Release;
		};
		BDE4D61C2C42F0E600FDE519 /* Debug */ = {
			isa = XCBuildConfiguration;
			buildSettings = {
				ASSETCATALOG_COMPILER_APPICON_NAME = AppIcon;
				ASSETCATALOG_COMPILER_GLOBAL_ACCENT_COLOR_NAME = AccentColor;
				CODE_SIGN_STYLE = Automatic;
				CURRENT_PROJECT_VERSION = 1;
				DEVELOPMENT_TEAM = CVRPLSH3AP;
				GENERATE_INFOPLIST_FILE = YES;
				INFOPLIST_FILE = CustomTabbarController/Info.plist;
				INFOPLIST_KEY_UIApplicationSupportsIndirectInputEvents = YES;
				INFOPLIST_KEY_UILaunchStoryboardName = LaunchScreen;
				INFOPLIST_KEY_UIMainStoryboardFile = Main;
				INFOPLIST_KEY_UISupportedInterfaceOrientations_iPad = "UIInterfaceOrientationPortrait UIInterfaceOrientationPortraitUpsideDown UIInterfaceOrientationLandscapeLeft UIInterfaceOrientationLandscapeRight";
				INFOPLIST_KEY_UISupportedInterfaceOrientations_iPhone = "UIInterfaceOrientationPortrait UIInterfaceOrientationLandscapeLeft UIInterfaceOrientationLandscapeRight";
				LD_RUNPATH_SEARCH_PATHS = (
					"$(inherited)",
					"@executable_path/Frameworks",
				);
				MARKETING_VERSION = 1.0;
				PRODUCT_BUNDLE_IDENTIFIER = com.plexustechnology.CustomTabbarController;
				PRODUCT_NAME = "$(TARGET_NAME)";
				SWIFT_EMIT_LOC_STRINGS = YES;
				SWIFT_VERSION = 5.0;
				TARGETED_DEVICE_FAMILY = "1,2";
			};
			name = Debug;
		};
		BDE4D61D2C42F0E600FDE519 /* Release */ = {
			isa = XCBuildConfiguration;
			buildSettings = {
				ASSETCATALOG_COMPILER_APPICON_NAME = AppIcon;
				ASSETCATALOG_COMPILER_GLOBAL_ACCENT_COLOR_NAME = AccentColor;
				CODE_SIGN_STYLE = Automatic;
				CURRENT_PROJECT_VERSION = 1;
				DEVELOPMENT_TEAM = CVRPLSH3AP;
				GENERATE_INFOPLIST_FILE = YES;
				INFOPLIST_FILE = CustomTabbarController/Info.plist;
				INFOPLIST_KEY_UIApplicationSupportsIndirectInputEvents = YES;
				INFOPLIST_KEY_UILaunchStoryboardName = LaunchScreen;
				INFOPLIST_KEY_UIMainStoryboardFile = Main;
				INFOPLIST_KEY_UISupportedInterfaceOrientations_iPad = "UIInterfaceOrientationPortrait UIInterfaceOrientationPortraitUpsideDown UIInterfaceOrientationLandscapeLeft UIInterfaceOrientationLandscapeRight";
				INFOPLIST_KEY_UISupportedInterfaceOrientations_iPhone = "UIInterfaceOrientationPortrait UIInterfaceOrientationLandscapeLeft UIInterfaceOrientationLandscapeRight";
				LD_RUNPATH_SEARCH_PATHS = (
					"$(inherited)",
					"@executable_path/Frameworks",
				);
				MARKETING_VERSION = 1.0;
				PRODUCT_BUNDLE_IDENTIFIER = com.plexustechnology.CustomTabbarController;
				PRODUCT_NAME = "$(TARGET_NAME)";
				SWIFT_EMIT_LOC_STRINGS = YES;
				SWIFT_VERSION = 5.0;
				TARGETED_DEVICE_FAMILY = "1,2";
			};
			name = Release;
		};
		BDE4D61F2C42F0E600FDE519 /* Debug */ = {
			isa = XCBuildConfiguration;
			buildSettings = {
				ALWAYS_EMBED_SWIFT_STANDARD_LIBRARIES = YES;
				BUNDLE_LOADER = "$(TEST_HOST)";
				CODE_SIGN_STYLE = Automatic;
				CURRENT_PROJECT_VERSION = 1;
				DEVELOPMENT_TEAM = CVRPLSH3AP;
				GENERATE_INFOPLIST_FILE = YES;
				IPHONEOS_DEPLOYMENT_TARGET = 17.4;
				MARKETING_VERSION = 1.0;
				PRODUCT_BUNDLE_IDENTIFIER = com.plexustechnology.CustomTabbarControllerTests;
				PRODUCT_NAME = "$(TARGET_NAME)";
				SWIFT_EMIT_LOC_STRINGS = NO;
				SWIFT_VERSION = 5.0;
				TARGETED_DEVICE_FAMILY = "1,2";
				TEST_HOST = "$(BUILT_PRODUCTS_DIR)/CustomTabbarController.app/$(BUNDLE_EXECUTABLE_FOLDER_PATH)/CustomTabbarController";
			};
			name = Debug;
		};
		BDE4D6202C42F0E600FDE519 /* Release */ = {
			isa = XCBuildConfiguration;
			buildSettings = {
				ALWAYS_EMBED_SWIFT_STANDARD_LIBRARIES = YES;
				BUNDLE_LOADER = "$(TEST_HOST)";
				CODE_SIGN_STYLE = Automatic;
				CURRENT_PROJECT_VERSION = 1;
				DEVELOPMENT_TEAM = CVRPLSH3AP;
				GENERATE_INFOPLIST_FILE = YES;
				IPHONEOS_DEPLOYMENT_TARGET = 17.4;
				MARKETING_VERSION = 1.0;
				PRODUCT_BUNDLE_IDENTIFIER = com.plexustechnology.CustomTabbarControllerTests;
				PRODUCT_NAME = "$(TARGET_NAME)";
				SWIFT_EMIT_LOC_STRINGS = NO;
				SWIFT_VERSION = 5.0;
				TARGETED_DEVICE_FAMILY = "1,2";
				TEST_HOST = "$(BUILT_PRODUCTS_DIR)/CustomTabbarController.app/$(BUNDLE_EXECUTABLE_FOLDER_PATH)/CustomTabbarController";
			};
			name = Release;
		};
		BDE4D6222C42F0E600FDE519 /* Debug */ = {
			isa = XCBuildConfiguration;
			buildSettings = {
				ALWAYS_EMBED_SWIFT_STANDARD_LIBRARIES = YES;
				CODE_SIGN_STYLE = Automatic;
				CURRENT_PROJECT_VERSION = 1;
				DEVELOPMENT_TEAM = CVRPLSH3AP;
				GENERATE_INFOPLIST_FILE = YES;
				MARKETING_VERSION = 1.0;
				PRODUCT_BUNDLE_IDENTIFIER = com.plexustechnology.CustomTabbarControllerUITests;
				PRODUCT_NAME = "$(TARGET_NAME)";
				SWIFT_EMIT_LOC_STRINGS = NO;
				SWIFT_VERSION = 5.0;
				TARGETED_DEVICE_FAMILY = "1,2";
				TEST_TARGET_NAME = CustomTabbarController;
			};
			name = Debug;
		};
		BDE4D6232C42F0E600FDE519 /* Release */ = {
			isa = XCBuildConfiguration;
			buildSettings = {
				ALWAYS_EMBED_SWIFT_STANDARD_LIBRARIES = YES;
				CODE_SIGN_STYLE = Automatic;
				CURRENT_PROJECT_VERSION = 1;
				DEVELOPMENT_TEAM = CVRPLSH3AP;
				GENERATE_INFOPLIST_FILE = YES;
				MARKETING_VERSION = 1.0;
				PRODUCT_BUNDLE_IDENTIFIER = com.plexustechnology.CustomTabbarControllerUITests;
				PRODUCT_NAME = "$(TARGET_NAME)";
				SWIFT_EMIT_LOC_STRINGS = NO;
				SWIFT_VERSION = 5.0;
				TARGETED_DEVICE_FAMILY = "1,2";
				TEST_TARGET_NAME = CustomTabbarController;
			};
			name = Release;
		};
/* End XCBuildConfiguration section */

/* Begin XCConfigurationList section */
		BDE4D5EC2C42F0E400FDE519 /* Build configuration list for PBXProject "CustomTabbarController" */ = {
			isa = XCConfigurationList;
			buildConfigurations = (
				BDE4D6192C42F0E600FDE519 /* Debug */,
				BDE4D61A2C42F0E600FDE519 /* Release */,
			);
			defaultConfigurationIsVisible = 0;
			defaultConfigurationName = Release;
		};
		BDE4D61B2C42F0E600FDE519 /* Build configuration list for PBXNativeTarget "CustomTabbarController" */ = {
			isa = XCConfigurationList;
			buildConfigurations = (
				BDE4D61C2C42F0E600FDE519 /* Debug */,
				BDE4D61D2C42F0E600FDE519 /* Release */,
			);
			defaultConfigurationIsVisible = 0;
			defaultConfigurationName = Release;
		};
		BDE4D61E2C42F0E600FDE519 /* Build configuration list for PBXNativeTarget "CustomTabbarControllerTests" */ = {
			isa = XCConfigurationList;
			buildConfigurations = (
				BDE4D61F2C42F0E600FDE519 /* Debug */,
				BDE4D6202C42F0E600FDE519 /* Release */,
			);
			defaultConfigurationIsVisible = 0;
			defaultConfigurationName = Release;
		};
		BDE4D6212C42F0E600FDE519 /* Build configuration list for PBXNativeTarget "CustomTabbarControllerUITests" */ = {
			isa = XCConfigurationList;
			buildConfigurations = (
				BDE4D6222C42F0E600FDE519 /* Debug */,
				BDE4D6232C42F0E600FDE519 /* Release */,
			);
			defaultConfigurationIsVisible = 0;
			defaultConfigurationName = Release;
		};
/* End XCConfigurationList section */
	};
	rootObject = BDE4D5E92C42F0E400FDE519 /* Project object */;
}
